
Microsoft Visual Studio Solution File, Format Version 12.00
# Visual Studio 15
VisualStudioVersion = 15.0.28307.779
MinimumVisualStudioVersion = 10.0.40219.1
Project("{FAE04EC0-301F-11D3-BF4B-00C04F79EFBC}") = "MixErp302", "MixErp302\MixErp302.csproj", "{C957DE13-34F3-4674-86C0-3F44A2D2F145}"
EndProject
Global
	GlobalSection(SolutionConfigurationPlatforms) = preSolution
		Debug|Any CPU = Debug|Any CPU
		Release|Any CPU = Release|Any CPU
	EndGlobalSection
	GlobalSection(ProjectConfigurationPlatforms) = postSolution
		{C957DE13-34F3-4674-86C0-3F44A2D2F145}.Debug|Any CPU.ActiveCfg = Debug|Any CPU
		{C957DE13-34F3-4674-86C0-3F44A2D2F145}.Debug|Any CPU.Build.0 = Debug|Any CPU
		{C957DE13-34F3-4674-86C0-3F44A2D2F145}.Release|Any CPU.ActiveCfg = Release|Any CPU
		{C957DE13-34F3-4674-86C0-3F44A2D2F145}.Release|Any CPU.Build.0 = Release|Any CPU
	EndGlobalSection
	GlobalSection(SolutionProperties) = preSolution
		HideSolutionNode = FALSE
	EndGlobalSection
	GlobalSection(ExtensibilityGlobals) = postSolution
		SolutionGuid = {7D146781-A6AB-4E26-BC03-251B1D89C315}
	EndGlobalSection
EndGlobal
